<?xml version="1.0" encoding="utf-8"?>
<Project ToolsVersion="4.0" xmlns="http://schemas.microsoft.com/developer/msbuild/2003">
  <ItemGroup>
    <Filter Include="Source Files">
      <UniqueIdentifier>{4FC737F1-C7A5-4376-A066-2A32D752A2FF}</UniqueIdentifier>
      <Extensions>cpp;c;cc;cxx;def;odl;idl;hpj;bat;asm;asmx</Extensions>
    </Filter>
    <Filter Include="Header Files">
      <UniqueIdentifier>{93995380-89BD-4b04-88EB-625FBE52EBFB}</UniqueIdentifier>
      <Extensions>h;hh;hpp;hxx;hm;inl;inc;xsd</Extensions>
    </Filter>
    <Filter Include="Resource Files">
      <UniqueIdentifier>{67DA6AB6-F800-4c08-8B7A-83BB121AAD01}</UniqueIdentifier>
      <Extensions>rc;ico;cur;bmp;dlg;rc2;rct;bin;rgs;gif;jpg;jpeg;jpe;resx;tiff;tif;png;wav;mfcribbon-ms</Extensions>
    </Filter>
  </ItemGroup>
  <ItemGroup>
    <Text Include="ReadMe.txt" />
  </ItemGroup>
  <ItemGroup>
    <ClInclude Include="stdafx.h">
      <Filter>Header Files</Filter>
    </ClInclude>
    <ClInclude Include="targetver.h">
      <Filter>Header Files</Filter>
    </ClInclude>
    <ClInclude Include="inc\DatabaseRoot.h">
      <Filter>Header Files</Filter>
    </ClInclude>
    <ClInclude Include="inc\DimensionDataLayer.h">
      <Filter>Header Files</Filter>
    </ClInclude>
    <ClInclude Include="inc\Dimensions.h">
      <Filter>Header Files</Filter>
    </ClInclude>
    <ClInclude Include="inc\FillDatabase.h">
      <Filter>Header Files</Filter>
    </ClInclude>
    <ClInclude Include="inc\IndexHelper.h">
      <Filter>Header Files</Filter>
    </ClInclude>
    <ClInclude Include="inc\ItemDefinition.h">
      <Filter>Header Files</Filter>
    </ClInclude>
    <ClInclude Include="inc\ItemDefinitionDataLayer.h">
      <Filter>Header Files</Filter>
    </ClInclude>
    <ClInclude Include="inc\ItemDefinitionList.h">
      <Filter>Header Files</Filter>
    </ClInclude>
    <ClInclude Include="inc\magaya_client_storage.h">
      <Filter>Header Files</Filter>
    </ClInclude>
    <ClInclude Include="inc\Package.h">
      <Filter>Header Files</Filter>
    </ClInclude>
    <ClInclude Include="inc\PackageDataLayer.h">
      <Filter>Header Files</Filter>
    </ClInclude>
    <ClInclude Include="inc\PackageList.h">
      <Filter>Header Files</Filter>
    </ClInclude>
    <ClInclude Include="inc\RootDataLayer.h">
      <Filter>Header Files</Filter>
    </ClInclude>
    <ClInclude Include="inc\WarehouseItem.h">
      <Filter>Header Files</Filter>
    </ClInclude>
    <ClInclude Include="inc\WarehouseItemDataLayer.h">
      <Filter>Header Files</Filter>
    </ClInclude>
    <ClInclude Include="inc\WarehouseItemList.h">
      <Filter>Header Files</Filter>
    </ClInclude>
    <ClInclude Include="inc\WarehouseReceipt.h">
      <Filter>Header Files</Filter>
    </ClInclude>
    <ClInclude Include="inc\WarehouseReceiptDataLayer.h">
      <Filter>Header Files</Filter>
    </ClInclude>
    <ClInclude Include="inc\WarehouseReceiptList.h">
      <Filter>Header Files</Filter>
    </ClInclude>
    <ClInclude Include="inc\GoodsSampleApp.h">
      <Filter>Header Files</Filter>
    </ClInclude>
  </ItemGroup>
  <ItemGroup>
    <ClCompile Include="stdafx.cpp">
      <Filter>Source Files</Filter>
    </ClCompile>
    <ClCompile Include="GoodsSample.cpp">
      <Filter>Source Files</Filter>
    </ClCompile>
    <ClCompile Include="src\DatabaseRoot.cpp">
      <Filter>Source Files</Filter>
    </ClCompile>
    <ClCompile Include="src\DimensionDataLayer.cpp">
      <Filter>Source Files</Filter>
    </ClCompile>
    <ClCompile Include="src\Dimensions.cpp">
      <Filter>Source Files</Filter>
    </ClCompile>
    <ClCompile Include="src\FillDatabase.cpp">
      <Filter>Source Files</Filter>
    </ClCompile>
    <ClCompile Include="src\ItemDefinition.cpp">
      <Filter>Source Files</Filter>
    </ClCompile>
    <ClCompile Include="src\ItemDefinitionDataLayer.cpp">
      <Filter>Source Files</Filter>
    </ClCompile>
    <ClCompile Include="src\ItemDefinitionList.cpp">
      <Filter>Source Files</Filter>
    </ClCompile>
    <ClCompile Include="src\magaya_client_storage.cpp">
      <Filter>Source Files</Filter>
    </ClCompile>
    <ClCompile Include="src\Package.cpp">
      <Filter>Source Files</Filter>
    </ClCompile>
    <ClCompile Include="src\PackageDataLayer.cpp">
      <Filter>Source Files</Filter>
    </ClCompile>
    <ClCompile Include="src\PackageList.cpp">
      <Filter>Source Files</Filter>
    </ClCompile>
    <ClCompile Include="src\RootDataLayer.cpp">
      <Filter>Source Files</Filter>
    </ClCompile>
    <ClCompile Include="src\WarehouseItem.cpp">
      <Filter>Source Files</Filter>
    </ClCompile>
    <ClCompile Include="src\WarehouseItemDataLayer.cpp">
      <Filter>Source Files</Filter>
    </ClCompile>
    <ClCompile Include="src\WarehouseItemList.cpp">
      <Filter>Source Files</Filter>
    </ClCompile>
    <ClCompile Include="src\WarehouseReceipt.cpp">
      <Filter>Source Files</Filter>
    </ClCompile>
    <ClCompile Include="src\WarehouseReceiptDataLayer.cpp">
      <Filter>Source Files</Filter>
    </ClCompile>
    <ClCompile Include="src\WarehouseReceiptList.cpp">
      <Filter>Source Files</Filter>
    </ClCompile>
    <ClCompile Include="src\GoodsSampleApp.cpp">
      <Filter>Source Files</Filter>
    </ClCompile>
    <ClCompile Include="src\Storage.cpp">
      <Filter>Source Files</Filter>
    </ClCompile>
    <ClCompile Include="src\ClientStorage.cpp">
      <Filter>Source Files</Filter>
    </ClCompile>
  </ItemGroup>
</Project>